
Microsoft Visual Studio Solution File, Format Version 12.00
# Visual Studio Version 16
VisualStudioVersion = 16.0.31424.327
MinimumVisualStudioVersion = 10.0.40219.1
Project("{FAE04EC0-301F-11D3-BF4B-00C04F79EFBC}") = "GitHubTest1", "GitHubTest1.csproj", "{E322F65A-D618-4956-9761-C36791370927}"
EndProject
Global
	GlobalSection(SolutionConfigurationPlatforms) = preSolution
		Debug|Any CPU = Debug|Any CPU
		Release|Any CPU = Release|Any CPU
	EndGlobalSection
	GlobalSection(ProjectConfigurationPlatforms) = postSolution
		{E322F65A-D618-4956-9761-C36791370927}.Debug|Any CPU.ActiveCfg = Debug|Any CPU
		{E322F65A-D618-4956-9761-C36791370927}.Debug|Any CPU.Build.0 = Debug|Any CPU
		{E322F65A-D618-4956-9761-C36791370927}.Release|Any CPU.ActiveCfg = Release|Any CPU
		{E322F65A-D618-4956-9761-C36791370927}.Release|Any CPU.Build.0 = Release|Any CPU
	EndGlobalSection
	GlobalSection(SolutionProperties) = preSolution
		HideSolutionNode = FALSE
	EndGlobalSection
	GlobalSection(ExtensibilityGlobals) = postSolution
		SolutionGuid = {E0EAB628-96DB-4698-885A-881AA3488B31}
	EndGlobalSection
EndGlobal
